lockfileVersion: '9.0'

settings:
  autoInstallPeers: true
  excludeLinksFromLockfile: false

importers:

  .:
    dependencies:
      prosemirror-schema-list:
        specifier: ^1.0.0
        version: 1.5.1
    devDependencies:
      prosemirror-commands:
        specifier: ^1.5.2
        version: 1.7.1
      prosemirror-inputrules:
        specifier: ^1.2.1
        version: 1.5.1
      prosemirror-keymap:
        specifier: ^1.2.2
        version: 1.2.3
      prosemirror-model:
        specifier: ^1.19.3
        version: 1.25.4
      prosemirror-state:
        specifier: ^1.4.3
        version: 1.4.4
      prosemirror-view:
        specifier: ^1.32.4
        version: 1.41.6
      typescript:
        specifier: ^5.0.0
        version: 5.9.3

packages:

  orderedmap@2.1.1:
    resolution: {integrity: sha512-TvAWxi0nDe1j/rtMcWcIj94+Ffe6n7zhow33h40SKxmsmozs6dz/e+EajymfoFcHd7sxNn8yHM8839uixMOV6g==}

  prosemirror-commands@1.7.1:
    resolution: {integrity: sha512-rT7qZnQtx5c0/y/KlYaGvtG411S97UaL6gdp6RIZ23DLHanMYLyfGBV5DtSnZdthQql7W+lEVbpSfwtO8T+L2w==}

  prosemirror-inputrules@1.5.1:
    resolution: {integrity: sha512-7wj4uMjKaXWAQ1CDgxNzNtR9AlsuwzHfdFH1ygEHA2KHF2DOEaXl1CJfNPAKCg9qNEh4rum975QLaCiQPyY6Fw==}

  prosemirror-keymap@1.2.3:
    resolution: {integrity: sha512-4HucRlpiLd1IPQQXNqeo81BGtkY8Ai5smHhKW9jjPKRc2wQIxksg7Hl1tTI2IfT2B/LgX6bfYvXxEpJl7aKYKw==}

  prosemirror-model@1.25.4:
    resolution: {integrity: sha512-PIM7E43PBxKce8OQeezAs9j4TP+5yDpZVbuurd1h5phUxEKIu+G2a+EUZzIC5nS1mJktDJWzbqS23n1tsAf5QA==}

  prosemirror-schema-list@1.5.1:
    resolution: {integrity: sha512-927lFx/uwyQaGwJxLWCZRkjXG0p48KpMj6ueoYiu4JX05GGuGcgzAy62dfiV8eFZftgyBUvLx76RsMe20fJl+Q==}

  prosemirror-state@1.4.4:
    resolution: {integrity: sha512-6jiYHH2CIGbCfnxdHbXZ12gySFY/fz/ulZE333G6bPqIZ4F+TXo9ifiR86nAHpWnfoNjOb3o5ESi7J8Uz1jXHw==}

  prosemirror-transform@1.11.0:
    resolution: {integrity: sha512-4I7Ce4KpygXb9bkiPS3hTEk4dSHorfRw8uI0pE8IhxlK2GXsqv5tIA7JUSxtSu7u8APVOTtbUBxTmnHIxVkIJw==}

  prosemirror-view@1.41.6:
    resolution: {integrity: sha512-mxpcDG4hNQa/CPtzxjdlir5bJFDlm0/x5nGBbStB2BWX+XOQ9M8ekEG+ojqB5BcVu2Rc80/jssCMZzSstJuSYg==}

  typescript@5.9.3:
    resolution: {integrity: sha512-jl1vZzPDinLr9eUt3J/t7V6FgNEw9QjvBPdysz9KfQDD41fQrC2Y4vKQdiaUpFT4bXlb1RHhLpp8wtm6M5TgSw==}
    engines: {node: '>=14.17'}
    hasBin: true

  w3c-keyname@2.2.8:
    resolution: {integrity: sha512-dpojBhNsCNN7T82Tm7k26A6G9ML3NkhDsnw9n/eoxSRlVBB4CEtIQ/KTCLI2Fwf3ataSXRhYFkQi3SlnFwPvPQ==}

snapshots:

  orderedmap@2.1.1: {}

  prosemirror-commands@1.7.1:
    dependencies:
      prosemirror-model: 1.25.4
      prosemirror-state: 1.4.4
      prosemirror-transform: 1.11.0

  prosemirror-inputrules@1.5.1:
    dependencies:
      prosemirror-state: 1.4.4
      prosemirror-transform: 1.11.0

  prosemirror-keymap@1.2.3:
    dependencies:
      prosemirror-state: 1.4.4
      w3c-keyname: 2.2.8

  prosemirror-model@1.25.4:
    dependencies:
      orderedmap: 2.1.1

  prosemirror-schema-list@1.5.1:
    dependencies:
      prosemirror-model: 1.25.4
      prosemirror-state: 1.4.4
      prosemirror-transform: 1.11.0

  prosemirror-state@1.4.4:
    dependencies:
      prosemirror-model: 1.25.4
      prosemirror-transform: 1.11.0
      prosemirror-view: 1.41.6

  prosemirror-transform@1.11.0:
    dependencies:
      prosemirror-model: 1.25.4

  prosemirror-view@1.41.6:
    dependencies:
      prosemirror-model: 1.25.4
      prosemirror-state: 1.4.4
      prosemirror-transform: 1.11.0

  typescript@5.9.3: {}

  w3c-keyname@2.2.8: {}
